{
  "version": 4,
  "terraform_version": "1.1.4",
  "serial": 13,
  "lineage": "2ad4ed5a-eca1-383e-08b0-14078039573b",
  "outputs": {
    "public_ip_address": {
      "value": "20.231.110.114",
      "type": "string"
    },
    "resource_group_name": {
      "value": "rg-tolerant-rabbit",
      "type": "string"
    },
    "tls_private_key": {
      "value": "-----BEGIN RSA PRIVATE KEY-----\nMIIJKgIBAAKCAgEArVKCIex/Fj4j7XxW1/EuHOAx+sI3PB012VeWGqN+pLB7BckV\nM65CU0kMLDKEb/iUvZakQKJW7govEKivX9d77i9UxC7Sv+zORVXeBCyFt572Oc/K\n4/TsqqVO3SAdoaUFHfQ9FoVMnVw6nR/bDvEAc63xE+WFWZ4QwU5pB6vNAbBru0yW\nzFSGDXVMU9MYZCJXZhC9+Wu6ZFEdzgdVAd9vfhD2h6gawbm3b5/js6fk3ajbGxqS\nXRqLvUJ6ON+3s66cL3kRvpYxlWgNOXN0+V6Qo/O2BvDRpLcwXD1BdpBCPS7T7+VB\nObrOfe7do0evm6L+GjCJ1XdpoI5Y8D6QpUCP/d7i1N+hL6rHRD7ioDYy/XbevYNO\nNdtZ8y7nDAtDyoHqTbq2vRWly0pVjQyjrvvWgG5LY4LKCdI/TmfRvvx2fQlSqep6\nL7iZyAl9/xzn1d85KxWcff6Z2shs8/ZGFDeg2vS0QrT9kvb6vGSrG6NPGaNrTpWU\nvKZWBC2qtMtPh2y+S5xBOyI26IAqOSCxKXuBBijVPtIUNJ0+5FEImlyWDdEyGwFu\nPPqWQaQSL9usamBZTZjkR+O2Pdiigpp25PAneTCGx4Vc78Ih03R7OuAfZ+oYsi+C\nshbUME+buujMxBT4JGwL7XSYzzVc8/7PaGN7fURKfSGNiBChowEd+VLVn00CAwEA\nAQKCAgAHLiLb+uss5bghT4Rdf81UPulzJPaa0+72KQ273sgRVIpULAdn07FFuAH8\nFr+rz9WBoSr+znrhc6SNgR96zfeBX46YbgQnFU1aS/tdmuaTO8+hh301QmFHlH+W\n44y2tJpoqkSZmT4aSsbW2Yn+rXdCU5NoKpsComy5RWFOgwyEJGXiJYMdxeajyhc2\nZcld5JpQTSNBoPfgzgd5EI6x/CqnQ1ajOhCZs/Loeew59huiHyusjMZBeycM2SMt\nFf+LPxGTWeWlSp2VPfFGTwUqi4Ncd200Dmfw9fHX8GW03rcPx8/Z4Vp5ZMbHKs0d\nxYt93BvAxAAByueiUiNXGJBveCQ+47U7wA4zhX3SBfQvwkbGhFwZ8eBeiQycSswn\nkDkT2gZs/4cann+8oLFIlsJppn3/NuUYPSySiYegp27YpG79lYklyl7Ynie4E63Z\n15Ts7FavGeHcayn8rEeB2i9FkPn029fXI+Jz883g7Tez86GVPKgSYWgFqXQXjdRw\nmVw/fMY7KPF7l9IMfxrUmGgdlamiCxcFa5MQSAQ9j+T/O/qVPP8rTVZAjwXUC8Aj\nEdNW+LA2DJsHnNdWrbeHS0pZhmL/gzce/dAmUweisD96f/BVjVjCAZCTpy7FA07X\nM4RLLCnN4E8qzxkCsCZz/eOXOs/uJ+Iq2Fe6yaSZcZ3a5287gQKCAQEA2ipxCUuG\ngx9lJx8xahmS87oev3vvQri0mjAeTr3sfNwkOry1SJ7XudsZUjo8IeUyyiwBoytd\njjw8/ySRVeVJo4Rd0z9ponXxuScCkYAih10/tNblPonqxUV1XiubrVRpRURC8YhC\nsPL9+8OzT2noQKt9S44wFvYbZhu/CRgqTWdG4WhpIOPAtWUJ+Ur/fBlVxCr7+Gl8\nfKYx+Rzb/2AI6Vt+Qao3eVLjiQSdlKmeHAVPeIyOVjq7FPgAI4UKJ6eHl1NPBxf/\noVwwT/3BcNlHTrk8JqXea0V21Ttfo1ebAC2pPi/ucETcdM1XrfhLnMpJSap/MR1Z\nKMqEkI45Mz3F4QKCAQEAy2E40DXUjscgpXaEuTDR16nrPKw82EM0Q8VSNwpu72/A\nRos5h5huMko+KrZZ961xAqrTeAMGljfahp0kSho0MlkoNhjUg0wT2SmtfOf7o7S/\nSm2wajge8bGGKp6wttlUkXs4pZs74ei/V/dryPRKujjiN2mMU54L3PaLmxmVCOza\nYHSh+4M2xRT7jeuuTw913Vn4rm+cxn/X8+ty1t0VEapEcexjTGx41Gltged5AV1C\nCHrHzYK44dHT8viREpAr2aLnMnIvSToE1sdT9jhQiW2qbhN+vJWW3a24rhLwRmPj\njG3aaDL3c5sx7F2PZV5rKCMU/g5kJRfLWVZ3ffcu7QKCAQEAmoRu1OeCGMKWsRO9\nuujsFOWgu3x65GXPvFkSTjDkGzcMDfHz78BZCFCu6XdHebZMt7ZdXoTrWT8+8HKk\n4RJpin/IuEL0fVVN5BZGEmmPixI3ecyuRxIFjrz4OL9oHmZnvOBxDYK1wYAI9VUR\nXdCj55HOR0Iou0qJ81L5heZwp6vbHvEFbH8C0TcDzmYY93s2LJ9JIRMNUXegc1DG\nXGRXS3g6vyVg7vQPJc94EH/l9PCp7baXZWlpcZuI9Z9XpuhX94zQrzSHIHEb4rvW\nUygBAjfd632VP6LOXI4V2anFpWWxtdLa7PdIsQ1y6Uuvuhfnul4ggdfIe0SciYnB\n55H74QKCAQEAxlPfmEL2LemHL3O9B+7QozOjHv6DMw2OGQyCGQSGm91pLiG0j0MZ\nKtd1eidq4nlzO/ujzmN8994trpns+opFHlgNO3vJOORmcp4O/UAoB0NKS2Vd5Kcn\nnd/VCxjHEPgsXNZBrlUL90gF192CcWuwt5qjFxBJdH0p6mdOSoiO6i424lq6X09c\niKHmkUYkLBrSgHGtbUWQJ44h5E5VJaxgUGKu7j1rs+oPhmvtCwHT4X202BoLX6A7\ndJMu0cCNkAGhkVEnje0Fqa33bA7jFLdj6jBUQ5WlQHfLsA8pii8TukDMdHPnyTby\nUf0kmO+/10VUz8YuQXV9OSLT/SGx0tfKHQKCAQEAxaeENtEBQRgA3+rsKOz6Mx9Q\nnC26FvyrorPoJA11eiOlww6kMsUbXspkZ19Z0Gzf9qcl58QqX0yOmeDLBY3GpGNJ\nJKVPu0sq2qm+/1vlCgUmUwX8OxbxFBMMyQo1sVX81K0AxTrmW6Wds/CHc/bgna4l\nt2qY71S1oS4riDeFoo0QqG0U2BRdzQOt09DkWXyLhrZK+4B2ktEosYVpq4mIfyJh\n9rfM6ORVIoiFO8MdV08PxqUykAktEgwO2P9F9fSkfRjRCmijtLrI2QO8HWVxSKdN\nscqMThWA5f3fzKcIfsUQakQGiojw7/EO1pvxBQo3sneXDuT3IizZ1YkfvYbvPg==\n-----END RSA PRIVATE KEY-----\n",
      "type": "string",
      "sensitive": true
    }
  },
  "resources": [
    {
      "mode": "managed",
      "type": "azurerm_linux_virtual_machine",
      "name": "myterraformvm",
      "provider": "provider[\"registry.terraform.io/hashicorp/azurerm\"]",
      "instances": [
        {
          "schema_version": 0,
          "attributes": {
            "additional_capabilities": [],
            "admin_password": null,
            "admin_ssh_key": [
              {
                "public_key": "ssh-rsa AAAAB3NzaC1yc2EAAAADAQABAAACAQCtUoIh7H8WPiPtfFbX8S4c4DH6wjc8HTXZV5Yao36ksHsFyRUzrkJTSQwsMoRv+JS9lqRAolbuCi8QqK9f13vuL1TELtK/7M5FVd4ELIW3nvY5z8rj9OyqpU7dIB2hpQUd9D0WhUydXDqdH9sO8QBzrfET5YVZnhDBTmkHq80BsGu7TJbMVIYNdUxT0xhkIldmEL35a7pkUR3OB1UB329+EPaHqBrBubdvn+Ozp+TdqNsbGpJdGou9Qno437ezrpwveRG+ljGVaA05c3T5XpCj87YG8NGktzBcPUF2kEI9LtPv5UE5us597t2jR6+bov4aMInVd2mgjljwPpClQI/93uLU36EvqsdEPuKgNjL9dt69g04121nzLucMC0PKgepNura9FaXLSlWNDKOu+9aAbktjgsoJ0j9OZ9G+/HZ9CVKp6novuJnICX3/HOfV3zkrFZx9/pnayGzz9kYUN6Da9LRCtP2S9vq8ZKsbo08Zo2tOlZS8plYELaq0y0+HbL5LnEE7IjbogCo5ILEpe4EGKNU+0hQ0nT7kUQiaXJYN0TIbAW48+pZBpBIv26xqYFlNmORH47Y92KKCmnbk8Cd5MIbHhVzvwiHTdHs64B9n6hiyL4KyFtQwT5u66MzEFPgkbAvtdJjPNVzz/s9oY3t9REp9IY2IEKGjAR35UtWfTQ==\n",
                "username": "azureuser"
              }
            ],
            "admin_username": "azureuser",
            "allow_extension_operations": true,
            "availability_set_id": "",
            "boot_diagnostics": [
              {
                "storage_account_uri": "https://diag067b504f45d6341a.blob.core.windows.net/"
              }
            ],
            "computer_name": "myvm",
            "custom_data": null,
            "dedicated_host_group_id": "",
            "dedicated_host_id": "",
            "disable_password_authentication": true,
            "encryption_at_host_enabled": false,
            "eviction_policy": "",
            "extensions_time_budget": "PT1H30M",
            "id": "/subscriptions/8f02edef-2d6d-4d3d-a73f-8321390ab14c/resourceGroups/rg-tolerant-rabbit/providers/Microsoft.Compute/virtualMachines/myVM",
            "identity": [],
            "license_type": "",
            "location": "eastus",
            "max_bid_price": -1,
            "name": "myVM",
            "network_interface_ids": [
              "/subscriptions/8f02edef-2d6d-4d3d-a73f-8321390ab14c/resourceGroups/rg-tolerant-rabbit/providers/Microsoft.Network/networkInterfaces/myNIC"
            ],
            "os_disk": [
              {
                "caching": "ReadWrite",
                "diff_disk_settings": [],
                "disk_encryption_set_id": "",
                "disk_size_gb": 30,
                "name": "myOsDisk",
                "storage_account_type": "Premium_LRS",
                "write_accelerator_enabled": false
              }
            ],
            "patch_mode": "ImageDefault",
            "plan": [],
            "platform_fault_domain": -1,
            "priority": "Regular",
            "private_ip_address": "10.0.1.4",
            "private_ip_addresses": [
              "10.0.1.4"
            ],
            "provision_vm_agent": true,
            "proximity_placement_group_id": "",
            "public_ip_address": "20.231.110.114",
            "public_ip_addresses": [
              "20.231.110.114"
            ],
            "resource_group_name": "rg-tolerant-rabbit",
            "secret": [],
            "secure_boot_enabled": false,
            "size": "Standard_B1ls",
            "source_image_id": "",
            "source_image_reference": [
              {
                "offer": "UbuntuServer",
                "publisher": "Canonical",
                "sku": "18.04-LTS",
                "version": "latest"
              }
            ],
            "tags": null,
            "timeouts": null,
            "user_data": "",
            "virtual_machine_id": "2a2327e2-b85f-4f36-a005-f9aa8bca90cc",
            "virtual_machine_scale_set_id": "",
            "vtpm_enabled": false,
            "zone": ""
          },
          "sensitive_attributes": [],
          "private": "eyJlMmJmYjczMC1lY2FhLTExZTYtOGY4OC0zNDM2M2JjN2M0YzAiOnsiY3JlYXRlIjoyNzAwMDAwMDAwMDAwLCJkZWxldGUiOjI3MDAwMDAwMDAwMDAsInJlYWQiOjMwMDAwMDAwMDAwMCwidXBkYXRlIjoyNzAwMDAwMDAwMDAwfX0=",
          "dependencies": [
            "azurerm_network_interface.myterraformnic",
            "azurerm_public_ip.myterraformpublicip",
            "azurerm_resource_group.rg",
            "azurerm_storage_account.mystorageaccount",
            "azurerm_subnet.myterraformsubnet",
            "azurerm_virtual_network.myterraformnetwork",
            "random_id.randomId",
            "random_pet.rg-name",
            "tls_private_key.example_ssh"
          ]
        }
      ]
    },
    {
      "mode": "managed",
      "type": "azurerm_network_interface",
      "name": "myterraformnic",
      "provider": "provider[\"registry.terraform.io/hashicorp/azurerm\"]",
      "instances": [
        {
          "schema_version": 0,
          "attributes": {
            "applied_dns_servers": [],
            "dns_servers": [],
            "enable_accelerated_networking": false,
            "enable_ip_forwarding": false,
            "id": "/subscriptions/8f02edef-2d6d-4d3d-a73f-8321390ab14c/resourceGroups/rg-tolerant-rabbit/providers/Microsoft.Network/networkInterfaces/myNIC",
            "internal_dns_name_label": "",
            "internal_domain_name_suffix": "xgi5fm2ar41uhdxvyrmpygizbc.bx.internal.cloudapp.net",
            "ip_configuration": [
              {
                "gateway_load_balancer_frontend_ip_configuration_id": "",
                "name": "myNicConfiguration",
                "primary": true,
                "private_ip_address": "10.0.1.4",
                "private_ip_address_allocation": "Dynamic",
                "private_ip_address_version": "IPv4",
                "public_ip_address_id": "/subscriptions/8f02edef-2d6d-4d3d-a73f-8321390ab14c/resourceGroups/rg-tolerant-rabbit/providers/Microsoft.Network/publicIPAddresses/myPublicIP",
                "subnet_id": "/subscriptions/8f02edef-2d6d-4d3d-a73f-8321390ab14c/resourceGroups/rg-tolerant-rabbit/providers/Microsoft.Network/virtualNetworks/myVnet/subnets/mySubnet"
              }
            ],
            "location": "eastus",
            "mac_address": "",
            "name": "myNIC",
            "private_ip_address": "10.0.1.4",
            "private_ip_addresses": [
              "10.0.1.4"
            ],
            "resource_group_name": "rg-tolerant-rabbit",
            "tags": null,
            "timeouts": null,
            "virtual_machine_id": ""
          },
          "sensitive_attributes": [],
          "private": "eyJlMmJmYjczMC1lY2FhLTExZTYtOGY4OC0zNDM2M2JjN2M0YzAiOnsiY3JlYXRlIjoxODAwMDAwMDAwMDAwLCJkZWxldGUiOjE4MDAwMDAwMDAwMDAsInJlYWQiOjMwMDAwMDAwMDAwMCwidXBkYXRlIjoxODAwMDAwMDAwMDAwfX0=",
          "dependencies": [
            "azurerm_public_ip.myterraformpublicip",
            "azurerm_resource_group.rg",
            "azurerm_subnet.myterraformsubnet",
            "azurerm_virtual_network.myterraformnetwork",
            "random_pet.rg-name"
          ]
        }
      ]
    },
    {
      "mode": "managed",
      "type": "azurerm_network_interface_security_group_association",
      "name": "example",
      "provider": "provider[\"registry.terraform.io/hashicorp/azurerm\"]",
      "instances": [
        {
          "schema_version": 0,
          "attributes": {
            "id": "/subscriptions/8f02edef-2d6d-4d3d-a73f-8321390ab14c/resourceGroups/rg-tolerant-rabbit/providers/Microsoft.Network/networkInterfaces/myNIC|/subscriptions/8f02edef-2d6d-4d3d-a73f-8321390ab14c/resourceGroups/rg-tolerant-rabbit/providers/Microsoft.Network/networkSecurityGroups/myNetworkSecurityGroup",
            "network_interface_id": "/subscriptions/8f02edef-2d6d-4d3d-a73f-8321390ab14c/resourceGroups/rg-tolerant-rabbit/providers/Microsoft.Network/networkInterfaces/myNIC",
            "network_security_group_id": "/subscriptions/8f02edef-2d6d-4d3d-a73f-8321390ab14c/resourceGroups/rg-tolerant-rabbit/providers/Microsoft.Network/networkSecurityGroups/myNetworkSecurityGroup",
            "timeouts": null
          },
          "sensitive_attributes": [],
          "private": "eyJlMmJmYjczMC1lY2FhLTExZTYtOGY4OC0zNDM2M2JjN2M0YzAiOnsiY3JlYXRlIjoxODAwMDAwMDAwMDAwLCJkZWxldGUiOjE4MDAwMDAwMDAwMDAsInJlYWQiOjMwMDAwMDAwMDAwMCwidXBkYXRlIjoxODAwMDAwMDAwMDAwfX0=",
          "dependencies": [
            "azurerm_network_interface.myterraformnic",
            "azurerm_network_security_group.myterraformnsg",
            "azurerm_public_ip.myterraformpublicip",
            "azurerm_resource_group.rg",
            "azurerm_subnet.myterraformsubnet",
            "azurerm_virtual_network.myterraformnetwork",
            "random_pet.rg-name"
          ]
        }
      ]
    },
    {
      "mode": "managed",
      "type": "azurerm_network_security_group",
      "name": "myterraformnsg",
      "provider": "provider[\"registry.terraform.io/hashicorp/azurerm\"]",
      "instances": [
        {
          "schema_version": 0,
          "attributes": {
            "id": "/subscriptions/8f02edef-2d6d-4d3d-a73f-8321390ab14c/resourceGroups/rg-tolerant-rabbit/providers/Microsoft.Network/networkSecurityGroups/myNetworkSecurityGroup",
            "location": "eastus",
            "name": "myNetworkSecurityGroup",
            "resource_group_name": "rg-tolerant-rabbit",
            "security_rule": [
              {
                "access": "Allow",
                "description": "",
                "destination_address_prefix": "*",
                "destination_address_prefixes": [],
                "destination_application_security_group_ids": [],
                "destination_port_range": "22",
                "destination_port_ranges": [],
                "direction": "Inbound",
                "name": "SSH",
                "priority": 1001,
                "protocol": "Tcp",
                "source_address_prefix": "*",
                "source_address_prefixes": [],
                "source_application_security_group_ids": [],
                "source_port_range": "*",
                "source_port_ranges": []
              }
            ],
            "tags": null,
            "timeouts": null
          },
          "sensitive_attributes": [],
          "private": "eyJlMmJmYjczMC1lY2FhLTExZTYtOGY4OC0zNDM2M2JjN2M0YzAiOnsiY3JlYXRlIjoxODAwMDAwMDAwMDAwLCJkZWxldGUiOjE4MDAwMDAwMDAwMDAsInJlYWQiOjMwMDAwMDAwMDAwMCwidXBkYXRlIjoxODAwMDAwMDAwMDAwfX0=",
          "dependencies": [
            "azurerm_resource_group.rg",
            "random_pet.rg-name"
          ]
        }
      ]
    },
    {
      "mode": "managed",
      "type": "azurerm_public_ip",
      "name": "myterraformpublicip",
      "provider": "provider[\"registry.terraform.io/hashicorp/azurerm\"]",
      "instances": [
        {
          "schema_version": 0,
          "attributes": {
            "allocation_method": "Dynamic",
            "availability_zone": "No-Zone",
            "domain_name_label": null,
            "fqdn": null,
            "id": "/subscriptions/8f02edef-2d6d-4d3d-a73f-8321390ab14c/resourceGroups/rg-tolerant-rabbit/providers/Microsoft.Network/publicIPAddresses/myPublicIP",
            "idle_timeout_in_minutes": 4,
            "ip_address": "",
            "ip_tags": null,
            "ip_version": "IPv4",
            "location": "eastus",
            "name": "myPublicIP",
            "public_ip_prefix_id": null,
            "resource_group_name": "rg-tolerant-rabbit",
            "reverse_fqdn": null,
            "sku": "Basic",
            "sku_tier": "Regional",
            "tags": null,
            "timeouts": null,
            "zones": []
          },
          "sensitive_attributes": [],
          "private": "eyJlMmJmYjczMC1lY2FhLTExZTYtOGY4OC0zNDM2M2JjN2M0YzAiOnsiY3JlYXRlIjoxODAwMDAwMDAwMDAwLCJkZWxldGUiOjE4MDAwMDAwMDAwMDAsInJlYWQiOjMwMDAwMDAwMDAwMCwidXBkYXRlIjoxODAwMDAwMDAwMDAwfX0=",
          "dependencies": [
            "azurerm_resource_group.rg",
            "random_pet.rg-name"
          ]
        }
      ]
    },
    {
      "mode": "managed",
      "type": "azurerm_resource_group",
      "name": "rg",
      "provider": "provider[\"registry.terraform.io/hashicorp/azurerm\"]",
      "instances": [
        {
          "schema_version": 0,
          "attributes": {
            "id": "/subscriptions/8f02edef-2d6d-4d3d-a73f-8321390ab14c/resourceGroups/rg-tolerant-rabbit",
            "location": "eastus",
            "name": "rg-tolerant-rabbit",
            "tags": null,
            "timeouts": null
          },
          "sensitive_attributes": [],
          "private": "eyJlMmJmYjczMC1lY2FhLTExZTYtOGY4OC0zNDM2M2JjN2M0YzAiOnsiY3JlYXRlIjo1NDAwMDAwMDAwMDAwLCJkZWxldGUiOjU0MDAwMDAwMDAwMDAsInJlYWQiOjMwMDAwMDAwMDAwMCwidXBkYXRlIjo1NDAwMDAwMDAwMDAwfX0=",
          "dependencies": [
            "random_pet.rg-name"
          ]
        }
      ]
    },
    {
      "mode": "managed",
      "type": "azurerm_storage_account",
      "name": "mystorageaccount",
      "provider": "provider[\"registry.terraform.io/hashicorp/azurerm\"]",
      "instances": [
        {
          "schema_version": 2,
          "attributes": {
            "access_tier": "Hot",
            "account_kind": "StorageV2",
            "account_replication_type": "LRS",
            "account_tier": "Standard",
            "allow_blob_public_access": false,
            "azure_files_authentication": [],
            "blob_properties": [
              {
                "change_feed_enabled": false,
                "container_delete_retention_policy": [],
                "cors_rule": [],
                "default_service_version": "",
                "delete_retention_policy": [],
                "last_access_time_enabled": false,
                "versioning_enabled": false
              }
            ],
            "custom_domain": [],
            "customer_managed_key": [],
            "enable_https_traffic_only": true,
            "id": "/subscriptions/8f02edef-2d6d-4d3d-a73f-8321390ab14c/resourceGroups/rg-tolerant-rabbit/providers/Microsoft.Storage/storageAccounts/diag067b504f45d6341a",
            "identity": [],
            "infrastructure_encryption_enabled": false,
            "is_hns_enabled": false,
            "large_file_share_enabled": null,
            "location": "eastus",
            "min_tls_version": "TLS1_0",
            "name": "diag067b504f45d6341a",
            "network_rules": [
              {
                "bypass": [
                  "AzureServices"
                ],
                "default_action": "Allow",
                "ip_rules": [],
                "private_link_access": [],
                "virtual_network_subnet_ids": []
              }
            ],
            "nfsv3_enabled": false,
            "primary_access_key": "PnUWHvnmMciiVgidY6ySxK1Bd03VIepsYOWHaiw/7ucW8ZQ2DMDVnSy2rjtZyKUl4aropU8NZlj7+AStFlqZZg==",
            "primary_blob_connection_string": "DefaultEndpointsProtocol=https;BlobEndpoint=https://diag067b504f45d6341a.blob.core.windows.net/;AccountName=diag067b504f45d6341a;AccountKey=PnUWHvnmMciiVgidY6ySxK1Bd03VIepsYOWHaiw/7ucW8ZQ2DMDVnSy2rjtZyKUl4aropU8NZlj7+AStFlqZZg==",
            "primary_blob_endpoint": "https://diag067b504f45d6341a.blob.core.windows.net/",
            "primary_blob_host": "diag067b504f45d6341a.blob.core.windows.net",
            "primary_connection_string": "DefaultEndpointsProtocol=https;AccountName=diag067b504f45d6341a;AccountKey=PnUWHvnmMciiVgidY6ySxK1Bd03VIepsYOWHaiw/7ucW8ZQ2DMDVnSy2rjtZyKUl4aropU8NZlj7+AStFlqZZg==;EndpointSuffix=core.windows.net",
            "primary_dfs_endpoint": "https://diag067b504f45d6341a.dfs.core.windows.net/",
            "primary_dfs_host": "diag067b504f45d6341a.dfs.core.windows.net",
            "primary_file_endpoint": "https://diag067b504f45d6341a.file.core.windows.net/",
            "primary_file_host": "diag067b504f45d6341a.file.core.windows.net",
            "primary_location": "eastus",
            "primary_queue_endpoint": "https://diag067b504f45d6341a.queue.core.windows.net/",
            "primary_queue_host": "diag067b504f45d6341a.queue.core.windows.net",
            "primary_table_endpoint": "https://diag067b504f45d6341a.table.core.windows.net/",
            "primary_table_host": "diag067b504f45d6341a.table.core.windows.net",
            "primary_web_endpoint": "https://diag067b504f45d6341a.z13.web.core.windows.net/",
            "primary_web_host": "diag067b504f45d6341a.z13.web.core.windows.net",
            "queue_encryption_key_type": "Service",
            "queue_properties": [
              {
                "cors_rule": [],
                "hour_metrics": [
                  {
                    "enabled": true,
                    "include_apis": true,
                    "retention_policy_days": 7,
                    "version": "1.0"
                  }
                ],
                "logging": [
                  {
                    "delete": false,
                    "read": false,
                    "retention_policy_days": 0,
                    "version": "1.0",
                    "write": false
                  }
                ],
                "minute_metrics": [
                  {
                    "enabled": false,
                    "include_apis": false,
                    "retention_policy_days": 0,
                    "version": "1.0"
                  }
                ]
              }
            ],
            "resource_group_name": "rg-tolerant-rabbit",
            "routing": [],
            "secondary_access_key": "wD/jsYEgt2TSDhpxHjr/4p25EVqr8q1a04a53zsHuThJIi/QfDdC+YFhdroOCxgbHI6LNFYSiYVV+ASt0B5zVQ==",
            "secondary_blob_connection_string": "",
            "secondary_blob_endpoint": null,
            "secondary_blob_host": null,
            "secondary_connection_string": "DefaultEndpointsProtocol=https;AccountName=diag067b504f45d6341a;AccountKey=wD/jsYEgt2TSDhpxHjr/4p25EVqr8q1a04a53zsHuThJIi/QfDdC+YFhdroOCxgbHI6LNFYSiYVV+ASt0B5zVQ==;EndpointSuffix=core.windows.net",
            "secondary_dfs_endpoint": null,
            "secondary_dfs_host": null,
            "secondary_file_endpoint": null,
            "secondary_file_host": null,
            "secondary_location": "",
            "secondary_queue_endpoint": null,
            "secondary_queue_host": null,
            "secondary_table_endpoint": null,
            "secondary_table_host": null,
            "secondary_web_endpoint": null,
            "secondary_web_host": null,
            "share_properties": [
              {
                "cors_rule": [],
                "retention_policy": [
                  {
                    "days": 7
                  }
                ],
                "smb": []
              }
            ],
            "shared_access_key_enabled": true,
            "static_website": [],
            "table_encryption_key_type": "Service",
            "tags": null,
            "timeouts": null
          },
          "sensitive_attributes": [],
          "private": "eyJlMmJmYjczMC1lY2FhLTExZTYtOGY4OC0zNDM2M2JjN2M0YzAiOnsiY3JlYXRlIjozNjAwMDAwMDAwMDAwLCJkZWxldGUiOjM2MDAwMDAwMDAwMDAsInJlYWQiOjMwMDAwMDAwMDAwMCwidXBkYXRlIjozNjAwMDAwMDAwMDAwfSwic2NoZW1hX3ZlcnNpb24iOiIyIn0=",
          "dependencies": [
            "azurerm_resource_group.rg",
            "random_id.randomId",
            "random_pet.rg-name"
          ]
        }
      ]
    },
    {
      "mode": "managed",
      "type": "azurerm_subnet",
      "name": "myterraformsubnet",
      "provider": "provider[\"registry.terraform.io/hashicorp/azurerm\"]",
      "instances": [
        {
          "schema_version": 0,
          "attributes": {
            "address_prefix": "10.0.1.0/24",
            "address_prefixes": [
              "10.0.1.0/24"
            ],
            "delegation": [],
            "enforce_private_link_endpoint_network_policies": false,
            "enforce_private_link_service_network_policies": false,
            "id": "/subscriptions/8f02edef-2d6d-4d3d-a73f-8321390ab14c/resourceGroups/rg-tolerant-rabbit/providers/Microsoft.Network/virtualNetworks/myVnet/subnets/mySubnet",
            "name": "mySubnet",
            "resource_group_name": "rg-tolerant-rabbit",
            "service_endpoint_policy_ids": null,
            "service_endpoints": null,
            "timeouts": null,
            "virtual_network_name": "myVnet"
          },
          "sensitive_attributes": [],
          "private": "eyJlMmJmYjczMC1lY2FhLTExZTYtOGY4OC0zNDM2M2JjN2M0YzAiOnsiY3JlYXRlIjoxODAwMDAwMDAwMDAwLCJkZWxldGUiOjE4MDAwMDAwMDAwMDAsInJlYWQiOjMwMDAwMDAwMDAwMCwidXBkYXRlIjoxODAwMDAwMDAwMDAwfX0=",
          "dependencies": [
            "azurerm_resource_group.rg",
            "azurerm_virtual_network.myterraformnetwork",
            "random_pet.rg-name"
          ]
        }
      ]
    },
    {
      "mode": "managed",
      "type": "azurerm_virtual_network",
      "name": "myterraformnetwork",
      "provider": "provider[\"registry.terraform.io/hashicorp/azurerm\"]",
      "instances": [
        {
          "schema_version": 0,
          "attributes": {
            "address_space": [
              "10.0.0.0/16"
            ],
            "bgp_community": "",
            "ddos_protection_plan": [],
            "dns_servers": [],
            "flow_timeout_in_minutes": 0,
            "guid": "b3f291b9-8f80-43b7-8ef5-c458fc19190a",
            "id": "/subscriptions/8f02edef-2d6d-4d3d-a73f-8321390ab14c/resourceGroups/rg-tolerant-rabbit/providers/Microsoft.Network/virtualNetworks/myVnet",
            "location": "eastus",
            "name": "myVnet",
            "resource_group_name": "rg-tolerant-rabbit",
            "subnet": [],
            "tags": null,
            "timeouts": null,
            "vm_protection_enabled": false
          },
          "sensitive_attributes": [],
          "private": "eyJlMmJmYjczMC1lY2FhLTExZTYtOGY4OC0zNDM2M2JjN2M0YzAiOnsiY3JlYXRlIjoxODAwMDAwMDAwMDAwLCJkZWxldGUiOjE4MDAwMDAwMDAwMDAsInJlYWQiOjMwMDAwMDAwMDAwMCwidXBkYXRlIjoxODAwMDAwMDAwMDAwfX0=",
          "dependencies": [
            "azurerm_resource_group.rg",
            "random_pet.rg-name"
          ]
        }
      ]
    },
    {
      "mode": "managed",
      "type": "random_id",
      "name": "randomId",
      "provider": "provider[\"registry.terraform.io/hashicorp/random\"]",
      "instances": [
        {
          "schema_version": 0,
          "attributes": {
            "b64_std": "BntQT0XWNBo=",
            "b64_url": "BntQT0XWNBo",
            "byte_length": 8,
            "dec": "467055287767282714",
            "hex": "067b504f45d6341a",
            "id": "BntQT0XWNBo",
            "keepers": {
              "resource_group": "rg-tolerant-rabbit"
            },
            "prefix": null
          },
          "sensitive_attributes": [],
          "private": "bnVsbA==",
          "dependencies": [
            "azurerm_resource_group.rg",
            "random_pet.rg-name"
          ]
        }
      ]
    },
    {
      "mode": "managed",
      "type": "random_pet",
      "name": "rg-name",
      "provider": "provider[\"registry.terraform.io/hashicorp/random\"]",
      "instances": [
        {
          "schema_version": 0,
          "attributes": {
            "id": "rg-tolerant-rabbit",
            "keepers": null,
            "length": 2,
            "prefix": "rg",
            "separator": "-"
          },
          "sensitive_attributes": [],
          "private": "bnVsbA=="
        }
      ]
    },
    {
      "mode": "managed",
      "type": "tls_private_key",
      "name": "example_ssh",
      "provider": "provider[\"registry.terraform.io/hashicorp/tls\"]",
      "instances": [
        {
          "schema_version": 0,
          "attributes": {
            "algorithm": "RSA",
            "ecdsa_curve": "P224",
            "id": "85200208a7f32e5cc74f582d4f89598cb20ee5a2",
            "private_key_openssh": "-----BEGIN OPENSSH PRIVATE KEY-----\nb3BlbnNzaC1rZXktdjEAAAAABG5vbmUAAAAEbm9uZQAAAAAAAAABAAACFwAAAAdz\nc2gtcnNhAAAAAwEAAQAAAgEArVKCIex/Fj4j7XxW1/EuHOAx+sI3PB012VeWGqN+\npLB7BckVM65CU0kMLDKEb/iUvZakQKJW7govEKivX9d77i9UxC7Sv+zORVXeBCyF\nt572Oc/K4/TsqqVO3SAdoaUFHfQ9FoVMnVw6nR/bDvEAc63xE+WFWZ4QwU5pB6vN\nAbBru0yWzFSGDXVMU9MYZCJXZhC9+Wu6ZFEdzgdVAd9vfhD2h6gawbm3b5/js6fk\n3ajbGxqSXRqLvUJ6ON+3s66cL3kRvpYxlWgNOXN0+V6Qo/O2BvDRpLcwXD1BdpBC\nPS7T7+VBObrOfe7do0evm6L+GjCJ1XdpoI5Y8D6QpUCP/d7i1N+hL6rHRD7ioDYy\n/XbevYNONdtZ8y7nDAtDyoHqTbq2vRWly0pVjQyjrvvWgG5LY4LKCdI/TmfRvvx2\nfQlSqep6L7iZyAl9/xzn1d85KxWcff6Z2shs8/ZGFDeg2vS0QrT9kvb6vGSrG6NP\nGaNrTpWUvKZWBC2qtMtPh2y+S5xBOyI26IAqOSCxKXuBBijVPtIUNJ0+5FEImlyW\nDdEyGwFuPPqWQaQSL9usamBZTZjkR+O2Pdiigpp25PAneTCGx4Vc78Ih03R7OuAf\nZ+oYsi+CshbUME+buujMxBT4JGwL7XSYzzVc8/7PaGN7fURKfSGNiBChowEd+VLV\nn00AAAc4Wp6wZlqesGYAAAAHc3NoLXJzYQAAAgEArVKCIex/Fj4j7XxW1/EuHOAx\n+sI3PB012VeWGqN+pLB7BckVM65CU0kMLDKEb/iUvZakQKJW7govEKivX9d77i9U\nxC7Sv+zORVXeBCyFt572Oc/K4/TsqqVO3SAdoaUFHfQ9FoVMnVw6nR/bDvEAc63x\nE+WFWZ4QwU5pB6vNAbBru0yWzFSGDXVMU9MYZCJXZhC9+Wu6ZFEdzgdVAd9vfhD2\nh6gawbm3b5/js6fk3ajbGxqSXRqLvUJ6ON+3s66cL3kRvpYxlWgNOXN0+V6Qo/O2\nBvDRpLcwXD1BdpBCPS7T7+VBObrOfe7do0evm6L+GjCJ1XdpoI5Y8D6QpUCP/d7i\n1N+hL6rHRD7ioDYy/XbevYNONdtZ8y7nDAtDyoHqTbq2vRWly0pVjQyjrvvWgG5L\nY4LKCdI/TmfRvvx2fQlSqep6L7iZyAl9/xzn1d85KxWcff6Z2shs8/ZGFDeg2vS0\nQrT9kvb6vGSrG6NPGaNrTpWUvKZWBC2qtMtPh2y+S5xBOyI26IAqOSCxKXuBBijV\nPtIUNJ0+5FEImlyWDdEyGwFuPPqWQaQSL9usamBZTZjkR+O2Pdiigpp25PAneTCG\nx4Vc78Ih03R7OuAfZ+oYsi+CshbUME+buujMxBT4JGwL7XSYzzVc8/7PaGN7fURK\nfSGNiBChowEd+VLVn00AAAADAQABAAACAAcuItv66yzluCFPhF1/zVQ+6XMk9prT\n7vYpDbveyBFUilQsB2fTsUW4AfwWv6vP1YGhKv7OeuFzpI2BH3rN94FfjphuBCcV\nTVpL+12a5pM7z6GHfTVCYUeUf5bjjLa0mmiqRJmZPhpKxtbZif6td0JTk2gqmwKi\nbLlFYU6DDIQkZeIlgx3F5qPKFzZlyV3kmlBNI0Gg9+DOB3kQjrH8KqdDVqM6EJmz\n8uh57Dn2G6IfK6yMxkF7JwzZIy0V/4s/EZNZ5aVKnZU98UZPBSqLg1x3bTQOZ/D1\n8dfwZbTetw/Hz9nhWnlkxscqzR3Fi33cG8DEAAHK56JSI1cYkG94JD7jtTvADjOF\nfdIF9C/CRsaEXBnx4F6JDJxKzCeQORPaBmz/hxqef7ygsUiWwmmmff825Rg9LJKJ\nh6Cnbtikbv2ViSXKXtieJ7gTrdnXlOzsVq8Z4dxrKfysR4HaL0WQ+fTb19cj4nPz\nzeDtN7PzoZU8qBJhaAWpdBeN1HCZXD98xjso8XuX0gx/GtSYaB2VqaILFwVrkxBI\nBD2P5P87+pU8/ytNVkCPBdQLwCMR01b4sDYMmwec11att4dLSlmGYv+DNx790CZT\nB6KwP3p/8FWNWMIBkJOnLsUDTtczhEssKc3gTyrPGQKwJnP945c6z+4n4irYV7rJ\npJlxndrnbzuBAAABAQDFp4Q20QFBGADf6uwo7PozH1CcLboW/Kuis+gkDXV6I6XD\nDqQyxRteymRnX1nQbN/2pyXnxCpfTI6Z4MsFjcakY0kkpU+7Syraqb7/W+UKBSZT\nBfw7FvEUEwzJCjWxVfzUrQDFOuZbpZ2z8Idz9uCdriW3apjvVLWhLiuIN4WijRCo\nbRTYFF3NA63T0ORZfIuGtkr7gHaS0SixhWmriYh/ImH2t8zo5FUiiIU7wx1XTw/G\npTKQCS0SDA7Y/0X19KR9GNEKaKO0usjZA7wdZXFIp02xyoxOFYDl/d/Mpwh+xRBq\nRAaKiPDv8Q7Wm/EFCjeyd5cO5PciLNnViR+9hu8+AAABAQDaKnEJS4aDH2UnHzFq\nGZLzuh6/e+9CuLSaMB5Ovex83CQ6vLVInte52xlSOjwh5TLKLAGjK12OPDz/JJFV\n5UmjhF3TP2midfG5JwKRgCKHXT+01uU+ierFRXVeK5utVGlFRELxiEKw8v37w7NP\naehAq31LjjAW9htmG78JGCpNZ0bhaGkg48C1ZQn5Sv98GVXEKvv4aXx8pjH5HNv/\nYAjpW35Bqjd5UuOJBJ2UqZ4cBU94jI5WOrsU+AAjhQonp4eXU08HF/+hXDBP/cFw\n2UdOuTwmpd5rRXbVO1+jV5sALak+L+5wRNx0zVet+EucyklJqn8xHVkoyoSQjjkz\nPcXhAAABAQDLYTjQNdSOxyCldoS5MNHXqes8rDzYQzRDxVI3Cm7vb8BGizmHmG4y\nSj4qtln3rXECqtN4AwaWN9qGnSRKGjQyWSg2GNSDTBPZKa185/ujtL9KbbBqOB7x\nsYYqnrC22VSRezilmzvh6L9X92vI9Eq6OOI3aYxTngvc9oubGZUI7NpgdKH7gzbF\nFPuN665PD3XdWfiub5zGf9fz63LW3RURqkRx7GNMbHjUaW2B53kBXUIIesfNgrjh\n0dPy+JESkCvZoucyci9JOgTWx1P2OFCJbapuE368lZbdrbiuEvBGY+OMbdpoMvdz\nmzHsXY9lXmsoIxT+DmQlF8tZVnd99y7tAAAAAAEC\n-----END OPENSSH PRIVATE KEY-----\n",
            "private_key_pem": "-----BEGIN RSA PRIVATE KEY-----\nMIIJKgIBAAKCAgEArVKCIex/Fj4j7XxW1/EuHOAx+sI3PB012VeWGqN+pLB7BckV\nM65CU0kMLDKEb/iUvZakQKJW7govEKivX9d77i9UxC7Sv+zORVXeBCyFt572Oc/K\n4/TsqqVO3SAdoaUFHfQ9FoVMnVw6nR/bDvEAc63xE+WFWZ4QwU5pB6vNAbBru0yW\nzFSGDXVMU9MYZCJXZhC9+Wu6ZFEdzgdVAd9vfhD2h6gawbm3b5/js6fk3ajbGxqS\nXRqLvUJ6ON+3s66cL3kRvpYxlWgNOXN0+V6Qo/O2BvDRpLcwXD1BdpBCPS7T7+VB\nObrOfe7do0evm6L+GjCJ1XdpoI5Y8D6QpUCP/d7i1N+hL6rHRD7ioDYy/XbevYNO\nNdtZ8y7nDAtDyoHqTbq2vRWly0pVjQyjrvvWgG5LY4LKCdI/TmfRvvx2fQlSqep6\nL7iZyAl9/xzn1d85KxWcff6Z2shs8/ZGFDeg2vS0QrT9kvb6vGSrG6NPGaNrTpWU\nvKZWBC2qtMtPh2y+S5xBOyI26IAqOSCxKXuBBijVPtIUNJ0+5FEImlyWDdEyGwFu\nPPqWQaQSL9usamBZTZjkR+O2Pdiigpp25PAneTCGx4Vc78Ih03R7OuAfZ+oYsi+C\nshbUME+buujMxBT4JGwL7XSYzzVc8/7PaGN7fURKfSGNiBChowEd+VLVn00CAwEA\nAQKCAgAHLiLb+uss5bghT4Rdf81UPulzJPaa0+72KQ273sgRVIpULAdn07FFuAH8\nFr+rz9WBoSr+znrhc6SNgR96zfeBX46YbgQnFU1aS/tdmuaTO8+hh301QmFHlH+W\n44y2tJpoqkSZmT4aSsbW2Yn+rXdCU5NoKpsComy5RWFOgwyEJGXiJYMdxeajyhc2\nZcld5JpQTSNBoPfgzgd5EI6x/CqnQ1ajOhCZs/Loeew59huiHyusjMZBeycM2SMt\nFf+LPxGTWeWlSp2VPfFGTwUqi4Ncd200Dmfw9fHX8GW03rcPx8/Z4Vp5ZMbHKs0d\nxYt93BvAxAAByueiUiNXGJBveCQ+47U7wA4zhX3SBfQvwkbGhFwZ8eBeiQycSswn\nkDkT2gZs/4cann+8oLFIlsJppn3/NuUYPSySiYegp27YpG79lYklyl7Ynie4E63Z\n15Ts7FavGeHcayn8rEeB2i9FkPn029fXI+Jz883g7Tez86GVPKgSYWgFqXQXjdRw\nmVw/fMY7KPF7l9IMfxrUmGgdlamiCxcFa5MQSAQ9j+T/O/qVPP8rTVZAjwXUC8Aj\nEdNW+LA2DJsHnNdWrbeHS0pZhmL/gzce/dAmUweisD96f/BVjVjCAZCTpy7FA07X\nM4RLLCnN4E8qzxkCsCZz/eOXOs/uJ+Iq2Fe6yaSZcZ3a5287gQKCAQEA2ipxCUuG\ngx9lJx8xahmS87oev3vvQri0mjAeTr3sfNwkOry1SJ7XudsZUjo8IeUyyiwBoytd\njjw8/ySRVeVJo4Rd0z9ponXxuScCkYAih10/tNblPonqxUV1XiubrVRpRURC8YhC\nsPL9+8OzT2noQKt9S44wFvYbZhu/CRgqTWdG4WhpIOPAtWUJ+Ur/fBlVxCr7+Gl8\nfKYx+Rzb/2AI6Vt+Qao3eVLjiQSdlKmeHAVPeIyOVjq7FPgAI4UKJ6eHl1NPBxf/\noVwwT/3BcNlHTrk8JqXea0V21Ttfo1ebAC2pPi/ucETcdM1XrfhLnMpJSap/MR1Z\nKMqEkI45Mz3F4QKCAQEAy2E40DXUjscgpXaEuTDR16nrPKw82EM0Q8VSNwpu72/A\nRos5h5huMko+KrZZ961xAqrTeAMGljfahp0kSho0MlkoNhjUg0wT2SmtfOf7o7S/\nSm2wajge8bGGKp6wttlUkXs4pZs74ei/V/dryPRKujjiN2mMU54L3PaLmxmVCOza\nYHSh+4M2xRT7jeuuTw913Vn4rm+cxn/X8+ty1t0VEapEcexjTGx41Gltged5AV1C\nCHrHzYK44dHT8viREpAr2aLnMnIvSToE1sdT9jhQiW2qbhN+vJWW3a24rhLwRmPj\njG3aaDL3c5sx7F2PZV5rKCMU/g5kJRfLWVZ3ffcu7QKCAQEAmoRu1OeCGMKWsRO9\nuujsFOWgu3x65GXPvFkSTjDkGzcMDfHz78BZCFCu6XdHebZMt7ZdXoTrWT8+8HKk\n4RJpin/IuEL0fVVN5BZGEmmPixI3ecyuRxIFjrz4OL9oHmZnvOBxDYK1wYAI9VUR\nXdCj55HOR0Iou0qJ81L5heZwp6vbHvEFbH8C0TcDzmYY93s2LJ9JIRMNUXegc1DG\nXGRXS3g6vyVg7vQPJc94EH/l9PCp7baXZWlpcZuI9Z9XpuhX94zQrzSHIHEb4rvW\nUygBAjfd632VP6LOXI4V2anFpWWxtdLa7PdIsQ1y6Uuvuhfnul4ggdfIe0SciYnB\n55H74QKCAQEAxlPfmEL2LemHL3O9B+7QozOjHv6DMw2OGQyCGQSGm91pLiG0j0MZ\nKtd1eidq4nlzO/ujzmN8994trpns+opFHlgNO3vJOORmcp4O/UAoB0NKS2Vd5Kcn\nnd/VCxjHEPgsXNZBrlUL90gF192CcWuwt5qjFxBJdH0p6mdOSoiO6i424lq6X09c\niKHmkUYkLBrSgHGtbUWQJ44h5E5VJaxgUGKu7j1rs+oPhmvtCwHT4X202BoLX6A7\ndJMu0cCNkAGhkVEnje0Fqa33bA7jFLdj6jBUQ5WlQHfLsA8pii8TukDMdHPnyTby\nUf0kmO+/10VUz8YuQXV9OSLT/SGx0tfKHQKCAQEAxaeENtEBQRgA3+rsKOz6Mx9Q\nnC26FvyrorPoJA11eiOlww6kMsUbXspkZ19Z0Gzf9qcl58QqX0yOmeDLBY3GpGNJ\nJKVPu0sq2qm+/1vlCgUmUwX8OxbxFBMMyQo1sVX81K0AxTrmW6Wds/CHc/bgna4l\nt2qY71S1oS4riDeFoo0QqG0U2BRdzQOt09DkWXyLhrZK+4B2ktEosYVpq4mIfyJh\n9rfM6ORVIoiFO8MdV08PxqUykAktEgwO2P9F9fSkfRjRCmijtLrI2QO8HWVxSKdN\nscqMThWA5f3fzKcIfsUQakQGiojw7/EO1pvxBQo3sneXDuT3IizZ1YkfvYbvPg==\n-----END RSA PRIVATE KEY-----\n",
            "public_key_fingerprint_md5": "b9:c7:bd:c5:25:25:d6:51:0b:eb:11:ae:7c:f3:3c:c6",
            "public_key_fingerprint_sha256": "SHA256:AHuBDa90y6LjB7+kK9YtVuHGTSKsG5b+CIg7fat4SOI",
            "public_key_openssh": "ssh-rsa AAAAB3NzaC1yc2EAAAADAQABAAACAQCtUoIh7H8WPiPtfFbX8S4c4DH6wjc8HTXZV5Yao36ksHsFyRUzrkJTSQwsMoRv+JS9lqRAolbuCi8QqK9f13vuL1TELtK/7M5FVd4ELIW3nvY5z8rj9OyqpU7dIB2hpQUd9D0WhUydXDqdH9sO8QBzrfET5YVZnhDBTmkHq80BsGu7TJbMVIYNdUxT0xhkIldmEL35a7pkUR3OB1UB329+EPaHqBrBubdvn+Ozp+TdqNsbGpJdGou9Qno437ezrpwveRG+ljGVaA05c3T5XpCj87YG8NGktzBcPUF2kEI9LtPv5UE5us597t2jR6+bov4aMInVd2mgjljwPpClQI/93uLU36EvqsdEPuKgNjL9dt69g04121nzLucMC0PKgepNura9FaXLSlWNDKOu+9aAbktjgsoJ0j9OZ9G+/HZ9CVKp6novuJnICX3/HOfV3zkrFZx9/pnayGzz9kYUN6Da9LRCtP2S9vq8ZKsbo08Zo2tOlZS8plYELaq0y0+HbL5LnEE7IjbogCo5ILEpe4EGKNU+0hQ0nT7kUQiaXJYN0TIbAW48+pZBpBIv26xqYFlNmORH47Y92KKCmnbk8Cd5MIbHhVzvwiHTdHs64B9n6hiyL4KyFtQwT5u66MzEFPgkbAvtdJjPNVzz/s9oY3t9REp9IY2IEKGjAR35UtWfTQ==\n",
            "public_key_pem": "-----BEGIN PUBLIC KEY-----\nMIICIjANBgkqhkiG9w0BAQEFAAOCAg8AMIICCgKCAgEArVKCIex/Fj4j7XxW1/Eu\nHOAx+sI3PB012VeWGqN+pLB7BckVM65CU0kMLDKEb/iUvZakQKJW7govEKivX9d7\n7i9UxC7Sv+zORVXeBCyFt572Oc/K4/TsqqVO3SAdoaUFHfQ9FoVMnVw6nR/bDvEA\nc63xE+WFWZ4QwU5pB6vNAbBru0yWzFSGDXVMU9MYZCJXZhC9+Wu6ZFEdzgdVAd9v\nfhD2h6gawbm3b5/js6fk3ajbGxqSXRqLvUJ6ON+3s66cL3kRvpYxlWgNOXN0+V6Q\no/O2BvDRpLcwXD1BdpBCPS7T7+VBObrOfe7do0evm6L+GjCJ1XdpoI5Y8D6QpUCP\n/d7i1N+hL6rHRD7ioDYy/XbevYNONdtZ8y7nDAtDyoHqTbq2vRWly0pVjQyjrvvW\ngG5LY4LKCdI/TmfRvvx2fQlSqep6L7iZyAl9/xzn1d85KxWcff6Z2shs8/ZGFDeg\n2vS0QrT9kvb6vGSrG6NPGaNrTpWUvKZWBC2qtMtPh2y+S5xBOyI26IAqOSCxKXuB\nBijVPtIUNJ0+5FEImlyWDdEyGwFuPPqWQaQSL9usamBZTZjkR+O2Pdiigpp25PAn\neTCGx4Vc78Ih03R7OuAfZ+oYsi+CshbUME+buujMxBT4JGwL7XSYzzVc8/7PaGN7\nfURKfSGNiBChowEd+VLVn00CAwEAAQ==\n-----END PUBLIC KEY-----\n",
            "rsa_bits": 4096
          },
          "sensitive_attributes": [],
          "private": "bnVsbA=="
        }
      ]
    }
  ]
}
